# This file was autogenerated by Stack.
# You should not edit this file by hand.
# For more information, please see the documentation at:
#   https://docs.haskellstack.org/en/stable/lock_files

packages:
- completed:
    hackage: co-log-polysemy-0.0.1.2@sha256:a6ea6103f5ca806dc16bcdbb666ee2ebafdbbf36a9626f33103105a41a55d561,3645
    pantry-tree:
      size: 400
      sha256: 56ddcbaf126c9e557d7e1336c6d1a9044567676dcdbc24fab34907d9a5725f73
  original:
    hackage: co-log-polysemy-0.0.1.2@sha256:a6ea6103f5ca806dc16bcdbb666ee2ebafdbbf36a9626f33103105a41a55d561,3645
- completed:
    hackage: polysemy-1.2.3.0@sha256:2345b6b76adc8f91fc88251129deff584cebcd07e952dd66aa512c69949df537,6097
    pantry-tree:
      size: 3625
      sha256: 8d327bc0dcb178112b933626a33200e8714712a77eb348271fdfbdd326b03fec
  original:
    hackage: polysemy-1.2.3.0@sha256:2345b6b76adc8f91fc88251129deff584cebcd07e952dd66aa512c69949df537,6097
snapshots:
- completed:
    size: 524996
    url: https://raw.githubusercontent.com/commercialhaskell/stackage-snapshots/master/lts/14/27.yaml
    sha256: 7ea31a280c56bf36ff591a7397cc384d0dff622e7f9e4225b47d8980f019a0f0
  original: lts-14.27
